
Microsoft Visual Studio Solution File, Format Version 12.00
# Visual Studio Version 16
VisualStudioVersion = 16.0.31205.134
MinimumVisualStudioVersion = 10.0.40219.1
Project("{888888A0-9F3D-457C-B088-3A5042F75D52}") = "monthlyproject", "monthlyproject.pyproj", "{D62D3364-A92D-496E-B9C4-0F36C3B30EBC}"
EndProject
Global
	GlobalSection(SolutionConfigurationPlatforms) = preSolution
		Debug|Any CPU = Debug|Any CPU
		Release|Any CPU = Release|Any CPU
	EndGlobalSection
	GlobalSection(ProjectConfigurationPlatforms) = postSolution
		{D62D3364-A92D-496E-B9C4-0F36C3B30EBC}.Debug|Any CPU.ActiveCfg = Debug|Any CPU
		{D62D3364-A92D-496E-B9C4-0F36C3B30EBC}.Debug|Any CPU.Build.0 = Debug|Any CPU
		{D62D3364-A92D-496E-B9C4-0F36C3B30EBC}.Release|Any CPU.ActiveCfg = Release|Any CPU
		{D62D3364-A92D-496E-B9C4-0F36C3B30EBC}.Release|Any CPU.Build.0 = Release|Any CPU
	EndGlobalSection
	GlobalSection(SolutionProperties) = preSolution
		HideSolutionNode = FALSE
	EndGlobalSection
	GlobalSection(ExtensibilityGlobals) = postSolution
		SolutionGuid = {E9E7DD57-6578-477C-A429-CF3626F656B6}
	EndGlobalSection
EndGlobal
